hash: f273225330c0f95ec6e1307a34234e2f550fe1a3842cb6a58b9a2c8ebfb33c0f
updated: 2019-06-04T13:42:38.938081+08:00
imports:
- name: github.com/garyburd/redigo
  version: a69d19351219b6dd56f274f96d85a7014a2ec34e
  subpackages:
  - internal
  - redis
- name: github.com/gorilla/websocket
  version: 66b9c49e59c6c48f0ffce28c2d8b8a5678502c6d
- name: github.com/joho/godotenv
  version: 23d116af351c84513e1946b527c88823e476be13
testImports: []
